<?xml version="1.0" encoding="utf-8"?>
<Project ToolsVersion="4.0" xmlns="http://schemas.microsoft.com/developer/msbuild/2003">
  <ItemGroup>
    <Filter Include="Source Files">
      <UniqueIdentifier>{4FC737F1-C7A5-4376-A066-2A32D752A2FF}</UniqueIdentifier>
      <Extensions>cpp;c;cc;cxx;def;odl;idl;hpj;bat;asm;asmx</Extensions>
    </Filter>
    <Filter Include="Header Files">
      <UniqueIdentifier>{93995380-89BD-4b04-88EB-625FBE52EBFB}</UniqueIdentifier>
      <Extensions>h;hh;hpp;hxx;hm;inl;inc;xsd</Extensions>
    </Filter>
    <Filter Include="Resource Files">
      <UniqueIdentifier>{67DA6AB6-F800-4c08-8B7A-83BB121AAD01}</UniqueIdentifier>
      <Extensions>rc;ico;cur;bmp;dlg;rc2;rct;bin;rgs;gif;jpg;jpeg;jpe;resx;tiff;tif;png;wav;mfcribbon-ms</Extensions>
    </Filter>
    <Filter Include="Source Files\Renderer">
      <UniqueIdentifier>{512cedd7-f93f-43a8-b2e4-721509e9dd37}</UniqueIdentifier>
    </Filter>
    <Filter Include="Source Files\Renderer\D3D11">
      <UniqueIdentifier>{5cad7f88-96a6-454d-b958-f67eae789f4d}</UniqueIdentifier>
    </Filter>
    <Filter Include="Source Files\Renderer\D3D12">
      <UniqueIdentifier>{5bdac72a-f1a8-4d1c-bedc-44b5e5e52c8c}</UniqueIdentifier>
    </Filter>
  </ItemGroup>
  <ItemGroup>
    <ClInclude Include="src\Renderer\D3D11\D3D11GraphicsDevice.h">
      <Filter>Source Files\Renderer\D3D11</Filter>
    </ClInclude>
    <ClInclude Include="src\Renderer\D3D11\D3D11Types.h">
      <Filter>Source Files\Renderer\D3D11</Filter>
    </ClInclude>
    <ClInclude Include="src\Game.h">
      <Filter>Source Files</Filter>
    </ClInclude>
    <ClInclude Include="src\WindowsHeaders.h">
      <Filter>Source Files</Filter>
    </ClInclude>
    <ClInclude Include="src\Renderer\D3D11\D3D11Renderer.h">
      <Filter>Source Files\Renderer\D3D11</Filter>
    </ClInclude>
    <ClInclude Include="src\Renderer\Renderer.h">
      <Filter>Source Files\Renderer</Filter>
    </ClInclude>
    <ClInclude Include="src\Renderer\D3D12\D3D12Renderer.h">
      <Filter>Source Files\Renderer\D3D12</Filter>
    </ClInclude>
    <ClInclude Include="src\Math.h">
      <Filter>Header Files</Filter>
    </ClInclude>
    <ClInclude Include="src\RenderingSystem.h">
      <Filter>Header Files</Filter>
    </ClInclude>
    <ClInclude Include="src\Renderer\D3D12\D3D12Device.h">
      <Filter>Header Files</Filter>
    </ClInclude>
    <ClInclude Include="src\Renderer\D3DCommon\D3DHelpers.h">
      <Filter>Header Files</Filter>
    </ClInclude>
    <ClInclude Include="src\Core\AssetCache.h">
      <Filter>Header Files</Filter>
    </ClInclude>
    <ClInclude Include="src\Core\Asset.h">
      <Filter>Header Files</Filter>
    </ClInclude>
    <ClInclude Include="src\ECS\System.h">
      <Filter>Header Files</Filter>
    </ClInclude>
  </ItemGroup>
  <ItemGroup>
    <ClCompile Include="src\Renderer\D3D11\D3D11GraphicsDevice.cpp">
      <Filter>Source Files\Renderer\D3D11</Filter>
    </ClCompile>
    <ClCompile Include="src\Renderer\D3D11\D3D11Renderer.cpp">
      <Filter>Source Files\Renderer\D3D11</Filter>
    </ClCompile>
    <ClCompile Include="src\Game.cpp">
      <Filter>Source Files</Filter>
    </ClCompile>
    <ClCompile Include="src\Main.cpp">
      <Filter>Source Files</Filter>
    </ClCompile>
    <ClCompile Include="src\Renderer\D3D12\D3D12Renderer.cpp">
      <Filter>Source Files\Renderer\D3D12</Filter>
    </ClCompile>
    <ClCompile Include="src\RenderingSystem.cpp">
      <Filter>Source Files</Filter>
    </ClCompile>
    <ClCompile Include="src\Renderer\D3D12\D3D12Device.cpp">
      <Filter>Source Files</Filter>
    </ClCompile>
    <ClCompile Include="src\Core\AssetCache.cpp">
      <Filter>Source Files</Filter>
    </ClCompile>
    <ClCompile Include="src\Core\Asset.cpp">
      <Filter>Source Files</Filter>
    </ClCompile>
  </ItemGroup>
</Project>